
Microsoft Visual Studio Solution File, Format Version 12.00
# Visual Studio Version 17
VisualStudioVersion = 17.8.34330.188
MinimumVisualStudioVersion = 10.0.40219.1
Project("{FAE04EC0-301F-11D3-BF4B-00C04F79EFBC}") = "Api", "Api\Api.csproj", "{87A362A5-0C2B-4AA4-AF13-3F90A1C06530}"
EndProject
Global
	GlobalSection(SolutionConfigurationPlatforms) = preSolution
		Debug|Any CPU = Debug|Any CPU
		Release|Any CPU = Release|Any CPU
	EndGlobalSection
	GlobalSection(ProjectConfigurationPlatforms) = postSolution
		{87A362A5-0C2B-4AA4-AF13-3F90A1C06530}.Debug|Any CPU.ActiveCfg = Debug|Any CPU
		{87A362A5-0C2B-4AA4-AF13-3F90A1C06530}.Debug|Any CPU.Build.0 = Debug|Any CPU
		{87A362A5-0C2B-4AA4-AF13-3F90A1C06530}.Release|Any CPU.ActiveCfg = Release|Any CPU
		{87A362A5-0C2B-4AA4-AF13-3F90A1C06530}.Release|Any CPU.Build.0 = Release|Any CPU
	EndGlobalSection
	GlobalSection(SolutionProperties) = preSolution
		HideSolutionNode = FALSE
	EndGlobalSection
	GlobalSection(ExtensibilityGlobals) = postSolution
		SolutionGuid = {E6C383BC-ADF0-402B-80C5-C1E42FF99BCC}
	EndGlobalSection
EndGlobal
